github.com/axiomhq/axiom-go v0.17.1 h1:VDHAFC0HJynldhcyotk6+kDuvnD8UAYPcB00+8KCs2A=
github.com/axiomhq/axiom-go v0.17.1/go.mod h1:/M6rRkqCD0HU4PMnbLwWVzUlXMC9htK2T5DVNEs0hpc=
github.com/cenkalti/backoff/v4 v4.2.1 h1:y4OZtCnogmCPw98Zjyt5a6+QwPLGkiQsYW5oUqylYbM=
github.com/cenkalti/backoff/v4 v4.2.1/go.mod h1:Y3VNntkOUPxTVeUxJ/G5vcM//AlwfmyYozVcomhLiZE=
github.com/davecgh/go-spew v1.1.0/go.mod h1:J7Y8YcW2NihsgmVo/mv3lAwl/skON4iLHjSsI+c5H38=
github.com/felixge/httpsnoop v1.0.3 h1:s/nj+GCswXYzN5v2DpNMuMQYe+0DDwt5WVCU6CWBdXk=
github.com/felixge/httpsnoop v1.0.3/go.mod h1:m8KPJKqk1gH5J9DgRY2ASl2lWCfGKXixSwevea8zH2U=
github.com/go-logr/logr v1.2.2/go.mod h1:jdQByPbusPIv2/zmleS9BjJVeZ6kBagPoEUsqbVz/1A=
github.com/go-logr/logr v1.2.4 h1:g01GSCwiDw2xSZfjJ2/T9M+S6pFdcNtFYsp+Y43HYDQ=
github.com/go-logr/logr v1.2.4/go.mod h1:jdQByPbusPIv2/zmleS9BjJVeZ6kBagPoEUsqbVz/1A=
github.com/go-logr/stdr v1.2.2 h1:hSWxHoqTgW2S2qGc0LTAI563KZ5YKYRhT3MFKZMbjag=
github.com/go-logr/stdr v1.2.2/go.mod h1:mMo/vtBO5dYbehREoey6XUKy/eSumjCCveDpRre4VKE=
github.com/google/go-cmp v0.5.2/go.mod h1:v8dTdLbMG2kIc/vJvl+f65V22dbkXbowE6jgT/gNBxE=
github.com/google/go-querystring v1.1.0 h1:AnCroh3fv4ZBgVIf1Iwtovgjaw/GiKJo8M8yD/fhyJ8=
github.com/google/go-querystring v1.1.0/go.mod h1:Kcdr2DB4koayq7X8pmAG4sNG59So17icRSOU623lUBU=
github.com/klauspost/compress v1.16.7 h1:2mk3MPGNzKyxErAw8YaohYh69+pa4sIQSC0fPGCFR9I=
github.com/klauspost/compress v1.16.7/go.mod h1:ntbaceVETuRiXiv4DpjP66DpAtAGkEQskQzEyD//IeE=
github.com/opentracing/opentracing-go v1.2.0 h1:uEJPy/1a5RIPAJ0Ov+OIO8OxWu77jEv+1B0VhjKrZUs=
github.com/opentracing/opentracing-go v1.2.0/go.mod h1:GxEUsuufX4nBwe+T+Wl9TAgYrxe9dPLANfrWvHYVTgc=
github.com/pmezard/go-difflib v1.0.0/go.mod h1:iKH77koFhYxTK1pcRnkKkqfTogsbg7gZNVY4sRDYZ/4=
github.com/stretchr/objx v0.1.0/go.mod h1:HFkY916IF+rwdDfMAkV7OtwuqBVzrE8GR6GFx+wExME=
github.com/stretchr/testify v1.3.0/go.mod h1:M5WIy9Dh21IEIfnGCwXGc5bZfKNJtfHm1UVUgZn+9EI=
go.opentelemetry.io/contrib/instrumentation/net/http/httptrace/otelhttptrace v0.44.0 h1:ewRgsETI7b5nPCK3FqKdY9mFR/9ZwtexwC26//Srjn0=
go.opentelemetry.io/contrib/instrumentation/net/http/httptrace/otelhttptrace v0.44.0/go.mod h1:+BrAX3hlRmkYIKl2e/eSRaKLkClDTY19gzegkQ+KeEQ=
go.opentelemetry.io/contrib/instrumentation/net/http/otelhttp v0.44.0 h1:KfYpVmrjI7JuToy5k8XV3nkapjWx48k4E4JOtVstzQI=
go.opentelemetry.io/contrib/instrumentation/net/http/otelhttp v0.44.0/go.mod h1:SeQhzAEccGVZVEy7aH87Nh0km+utSpo1pTv6eMMop48=
go.opentelemetry.io/otel v1.18.0 h1:TgVozPGZ01nHyDZxK5WGPFB9QexeTMXEH7+tIClWfzs=
go.opentelemetry.io/otel v1.18.0/go.mod h1:9lWqYO0Db579XzVuCKFNPDl4s73Voa+zEck3wHaAYQI=
go.opentelemetry.io/otel/bridge/opentracing v1.18.0 h1:8x+jCDwBhKXSCh+8aDOowh9eC7Aw4ZbfdHNOB6tX748=
go.opentelemetry.io/otel/bridge/opentracing v1.18.0/go.mod h1:2j6wukWijQUFpw1s0fv30IOdNlESxLhwkAihIIxWMrY=
go.opentelemetry.io/otel/metric v1.18.0 h1:JwVzw94UYmbx3ej++CwLUQZxEODDj/pOuTCvzhtRrSQ=
go.opentelemetry.io/otel/metric v1.18.0/go.mod h1:nNSpsVDjWGfb7chbRLUNW+PBNdcSTHD4Uu5pfFMOI0k=
go.opentelemetry.io/otel/trace v1.18.0 h1:NY+czwbHbmndxojTEKiSMHkG2ClNH2PwmcHrdo0JY10=
go.opentelemetry.io/otel/trace v1.18.0/go.mod h1:T2+SGJGuYZY3bjj5rgh/hN7KIrlpWC5nS8Mjvzckz+0=
golang.org/x/exp v0.0.0-20230728194245-b0cb94b80691 h1:/yRP+0AN7mf5DkD3BAI6TOFnd51gEoDEb8o35jIFtgw=
golang.org/x/exp v0.0.0-20230728194245-b0cb94b80691/go.mod h1:FXUEEKJgO7OQYeo8N01OfiKP8RXMtf6e8aTskBGqWdc=
golang.org/x/exp v0.0.0-20230905200255-921286631fa9 h1:GoHiUyI/Tp2nVkLI2mCxVkOjsbSXD66ic0XW0js0R9g=
golang.org/x/exp v0.0.0-20230905200255-921286631fa9/go.mod h1:S2oDrQGGwySpoQPVqRShND87VCbxmc6bL1Yd2oYrm6k=
golang.org/x/xerrors v0.0.0-20191204190536-9bdfabe68543/go.mod h1:I/5z698sn9Ka8TeJc9MKroUUfqBBauWjQqLJ2OPfmY0=
